// !$*UTF8*$!
{
	archiveVersion = 1;
	classes = {
	};
	objectVersion = 52;
	objects = {

/* Begin PBXBuildFile section */
		6ADB52662585C4A700749CA6 /* rook.cc in Sources */ = {isa = PBXBuildFile; fileRef = 6ADB52362585C4A400749CA6 /* rook.cc */; };
		6ADB52672585C4A700749CA6 /* level1.cpp in Sources */ = {isa = PBXBuildFile; fileRef = 6ADB52372585C4A400749CA6 /* level1.cpp */; };
		6ADB52682585C4A700749CA6 /* graphicsdisplay.cc in Sources */ = {isa = PBXBuildFile; fileRef = 6ADB52382585C4A400749CA6 /* graphicsdisplay.cc */; };
		6ADB52692585C4A700749CA6 /* king.cc in Sources */ = {isa = PBXBuildFile; fileRef = 6ADB52392585C4A400749CA6 /* king.cc */; };
		6ADB526A2585C4A700749CA6 /* chessplayer.cpp in Sources */ = {isa = PBXBuildFile; fileRef = 6ADB523A2585C4A400749CA6 /* chessplayer.cpp */; };
		6ADB526B2585C4A700749CA6 /* bishop.cc in Sources */ = {isa = PBXBuildFile; fileRef = 6ADB523B2585C4A400749CA6 /* bishop.cc */; };
		6ADB526C2585C4A700749CA6 /* main.cpp in Sources */ = {isa = PBXBuildFile; fileRef = 6ADB523E2585C4A500749CA6 /* main.cpp */; };
		6ADB526D2585C4A700749CA6 /* window.cc in Sources */ = {isa = PBXBuildFile; fileRef = 6ADB52402585C4A500749CA6 /* window.cc */; };
		6ADB526E2585C4A700749CA6 /* knight.cc in Sources */ = {isa = PBXBuildFile; fileRef = 6ADB52432585C4A500749CA6 /* knight.cc */; };
		6ADB526F2585C4A700749CA6 /* human.cpp in Sources */ = {isa = PBXBuildFile; fileRef = 6ADB52442585C4A500749CA6 /* human.cpp */; };
		6ADB52702585C4A700749CA6 /* pawn.cc in Sources */ = {isa = PBXBuildFile; fileRef = 6ADB52452585C4A500749CA6 /* pawn.cc */; };
		6ADB52712585C4A700749CA6 /* errormessage.cc in Sources */ = {isa = PBXBuildFile; fileRef = 6ADB52462585C4A500749CA6 /* errormessage.cc */; };
		6ADB52722585C4A700749CA6 /* level3.cpp in Sources */ = {isa = PBXBuildFile; fileRef = 6ADB52492585C4A500749CA6 /* level3.cpp */; };
		6ADB52732585C4A700749CA6 /* piece.cc in Sources */ = {isa = PBXBuildFile; fileRef = 6ADB52542585C4A600749CA6 /* piece.cc */; };
		6ADB52742585C4A700749CA6 /* move.cpp in Sources */ = {isa = PBXBuildFile; fileRef = 6ADB52552585C4A600749CA6 /* move.cpp */; };
		6ADB52752585C4A700749CA6 /* textdisplay.cc in Sources */ = {isa = PBXBuildFile; fileRef = 6ADB52572585C4A600749CA6 /* textdisplay.cc */; };
		6ADB52762585C4A700749CA6 /* queen.cc in Sources */ = {isa = PBXBuildFile; fileRef = 6ADB52582585C4A600749CA6 /* queen.cc */; };
		6ADB52772585C4A700749CA6 /* board.cc in Sources */ = {isa = PBXBuildFile; fileRef = 6ADB52592585C4A600749CA6 /* board.cc */; };
		6ADB52782585C4A700749CA6 /* cell.cc in Sources */ = {isa = PBXBuildFile; fileRef = 6ADB525E2585C4A600749CA6 /* cell.cc */; };
		6ADB52792585C4A700749CA6 /* level4.cpp in Sources */ = {isa = PBXBuildFile; fileRef = 6ADB525F2585C4A700749CA6 /* level4.cpp */; };
		6ADB527A2585C4A700749CA6 /* gameplayer.cpp in Sources */ = {isa = PBXBuildFile; fileRef = 6ADB52622585C4A700749CA6 /* gameplayer.cpp */; };
		6ADB527B2585C4A700749CA6 /* level2.cpp in Sources */ = {isa = PBXBuildFile; fileRef = 6ADB52642585C4A700749CA6 /* level2.cpp */; };
		6ADB527C2585C4A700749CA6 /* computer.cpp in Sources */ = {isa = PBXBuildFile; fileRef = 6ADB52652585C4A700749CA6 /* computer.cpp */; };
/* End PBXBuildFile section */

/* Begin PBXCopyFilesBuildPhase section */
		6A155832243EC89F0090D285 /* CopyFiles */ = {
			isa = PBXCopyFilesBuildPhase;
			buildActionMask = 2147483647;
			dstPath = /usr/share/man/man1/;
			dstSubfolderSpec = 0;
			files = (
			);
			runOnlyForDeploymentPostprocessing = 1;
		};
/* End PBXCopyFilesBuildPhase section */

/* Begin PBXFileReference section */
		6A155834243EC89F0090D285 /* chess */ = {isa = PBXFileReference; explicitFileType = "compiled.mach-o.executable"; includeInIndex = 0; path = chess; sourceTree = BUILT_PRODUCTS_DIR; };
		6A39CFB92585C3A100B50B23 /* move.cpp */ = {isa = PBXFileReference; fileEncoding = 4; lastKnownFileType = sourcecode.cpp.cpp; path = move.cpp; sourceTree = "<group>"; };
		6A39CFC12585C3A100B50B23 /* main.cpp */ = {isa = PBXFileReference; fileEncoding = 4; lastKnownFileType = sourcecode.cpp.cpp; path = main.cpp; sourceTree = "<group>"; };
		6ADB52342585C4A400749CA6 /* level2.h */ = {isa = PBXFileReference; fileEncoding = 4; lastKnownFileType = sourcecode.c.h; path = level2.h; sourceTree = "<group>"; };
		6ADB52352585C4A400749CA6 /* bishop.h */ = {isa = PBXFileReference; fileEncoding = 4; lastKnownFileType = sourcecode.c.h; path = bishop.h; sourceTree = "<group>"; };
		6ADB52362585C4A400749CA6 /* rook.cc */ = {isa = PBXFileReference; fileEncoding = 4; lastKnownFileType = sourcecode.cpp.cpp; path = rook.cc; sourceTree = "<group>"; };
		6ADB52372585C4A400749CA6 /* level1.cpp */ = {isa = PBXFileReference; fileEncoding = 4; lastKnownFileType = sourcecode.cpp.cpp; path = level1.cpp; sourceTree = "<group>"; };
		6ADB52382585C4A400749CA6 /* graphicsdisplay.cc */ = {isa = PBXFileReference; fileEncoding = 4; lastKnownFileType = sourcecode.cpp.cpp; path = graphicsdisplay.cc; sourceTree = "<group>"; };
		6ADB52392585C4A400749CA6 /* king.cc */ = {isa = PBXFileReference; fileEncoding = 4; lastKnownFileType = sourcecode.cpp.cpp; path = king.cc; sourceTree = "<group>"; };
		6ADB523A2585C4A400749CA6 /* chessplayer.cpp */ = {isa = PBXFileReference; fileEncoding = 4; lastKnownFileType = sourcecode.cpp.cpp; path = chessplayer.cpp; sourceTree = "<group>"; };
		6ADB523B2585C4A400749CA6 /* bishop.cc */ = {isa = PBXFileReference; fileEncoding = 4; lastKnownFileType = sourcecode.cpp.cpp; path = bishop.cc; sourceTree = "<group>"; };
		6ADB523C2585C4A400749CA6 /* position.h */ = {isa = PBXFileReference; fileEncoding = 4; lastKnownFileType = sourcecode.c.h; path = position.h; sourceTree = "<group>"; };
		6ADB523D2585C4A400749CA6 /* knight.h */ = {isa = PBXFileReference; fileEncoding = 4; lastKnownFileType = sourcecode.c.h; path = knight.h; sourceTree = "<group>"; };
		6ADB523E2585C4A500749CA6 /* main.cpp */ = {isa = PBXFileReference; fileEncoding = 4; lastKnownFileType = sourcecode.cpp.cpp; path = main.cpp; sourceTree = "<group>"; };
		6ADB523F2585C4A500749CA6 /* human.h */ = {isa = PBXFileReference; fileEncoding = 4; lastKnownFileType = sourcecode.c.h; path = human.h; sourceTree = "<group>"; };
		6ADB52402585C4A500749CA6 /* window.cc */ = {isa = PBXFileReference; fileEncoding = 4; lastKnownFileType = sourcecode.cpp.cpp; path = window.cc; sourceTree = "<group>"; };
		6ADB52412585C4A500749CA6 /* board.h */ = {isa = PBXFileReference; fileEncoding = 4; lastKnownFileType = sourcecode.c.h; path = board.h; sourceTree = "<group>"; };
		6ADB52422585C4A500749CA6 /* level1.h */ = {isa = PBXFileReference; fileEncoding = 4; lastKnownFileType = sourcecode.c.h; path = level1.h; sourceTree = "<group>"; };
		6ADB52432585C4A500749CA6 /* knight.cc */ = {isa = PBXFileReference; fileEncoding = 4; lastKnownFileType = sourcecode.cpp.cpp; path = knight.cc; sourceTree = "<group>"; };
		6ADB52442585C4A500749CA6 /* human.cpp */ = {isa = PBXFileReference; fileEncoding = 4; lastKnownFileType = sourcecode.cpp.cpp; path = human.cpp; sourceTree = "<group>"; };
		6ADB52452585C4A500749CA6 /* pawn.cc */ = {isa = PBXFileReference; fileEncoding = 4; lastKnownFileType = sourcecode.cpp.cpp; path = pawn.cc; sourceTree = "<group>"; };
		6ADB52462585C4A500749CA6 /* errormessage.cc */ = {isa = PBXFileReference; fileEncoding = 4; lastKnownFileType = sourcecode.cpp.cpp; path = errormessage.cc; sourceTree = "<group>"; };
		6ADB52472585C4A500749CA6 /* colour.h */ = {isa = PBXFileReference; fileEncoding = 4; lastKnownFileType = sourcecode.c.h; path = colour.h; sourceTree = "<group>"; };
		6ADB52482585C4A500749CA6 /* pawn.h */ = {isa = PBXFileReference; fileEncoding = 4; lastKnownFileType = sourcecode.c.h; path = pawn.h; sourceTree = "<group>"; };
		6ADB52492585C4A500749CA6 /* level3.cpp */ = {isa = PBXFileReference; fileEncoding = 4; lastKnownFileType = sourcecode.cpp.cpp; path = level3.cpp; sourceTree = "<group>"; };
		6ADB524A2585C4A500749CA6 /* graphicsdisplay.h */ = {isa = PBXFileReference; fileEncoding = 4; lastKnownFileType = sourcecode.c.h; path = graphicsdisplay.h; sourceTree = "<group>"; };
		6ADB524B2585C4A500749CA6 /* chessplayer.h */ = {isa = PBXFileReference; fileEncoding = 4; lastKnownFileType = sourcecode.c.h; path = chessplayer.h; sourceTree = "<group>"; };
		6ADB524C2585C4A500749CA6 /* computer.h */ = {isa = PBXFileReference; fileEncoding = 4; lastKnownFileType = sourcecode.c.h; path = computer.h; sourceTree = "<group>"; };
		6ADB524D2585C4A600749CA6 /* piece.h */ = {isa = PBXFileReference; fileEncoding = 4; lastKnownFileType = sourcecode.c.h; path = piece.h; sourceTree = "<group>"; };
		6ADB524E2585C4A600749CA6 /* queen.h */ = {isa = PBXFileReference; fileEncoding = 4; lastKnownFileType = sourcecode.c.h; path = queen.h; sourceTree = "<group>"; };
		6ADB524F2585C4A600749CA6 /* textdisplay.h */ = {isa = PBXFileReference; fileEncoding = 4; lastKnownFileType = sourcecode.c.h; path = textdisplay.h; sourceTree = "<group>"; };
		6ADB52502585C4A600749CA6 /* level3.h */ = {isa = PBXFileReference; fileEncoding = 4; lastKnownFileType = sourcecode.c.h; path = level3.h; sourceTree = "<group>"; };
		6ADB52512585C4A600749CA6 /* observer.h */ = {isa = PBXFileReference; fileEncoding = 4; lastKnownFileType = sourcecode.c.h; path = observer.h; sourceTree = "<group>"; };
		6ADB52522585C4A600749CA6 /* cell.h */ = {isa = PBXFileReference; fileEncoding = 4; lastKnownFileType = sourcecode.c.h; path = cell.h; sourceTree = "<group>"; };
		6ADB52532585C4A600749CA6 /* rook.h */ = {isa = PBXFileReference; fileEncoding = 4; lastKnownFileType = sourcecode.c.h; path = rook.h; sourceTree = "<group>"; };
		6ADB52542585C4A600749CA6 /* piece.cc */ = {isa = PBXFileReference; fileEncoding = 4; lastKnownFileType = sourcecode.cpp.cpp; path = piece.cc; sourceTree = "<group>"; };
		6ADB52552585C4A600749CA6 /* move.cpp */ = {isa = PBXFileReference; fileEncoding = 4; lastKnownFileType = sourcecode.cpp.cpp; path = move.cpp; sourceTree = "<group>"; };
		6ADB52562585C4A600749CA6 /* errormessage.h */ = {isa = PBXFileReference; fileEncoding = 4; lastKnownFileType = sourcecode.c.h; path = errormessage.h; sourceTree = "<group>"; };
		6ADB52572585C4A600749CA6 /* textdisplay.cc */ = {isa = PBXFileReference; fileEncoding = 4; lastKnownFileType = sourcecode.cpp.cpp; path = textdisplay.cc; sourceTree = "<group>"; };
		6ADB52582585C4A600749CA6 /* queen.cc */ = {isa = PBXFileReference; fileEncoding = 4; lastKnownFileType = sourcecode.cpp.cpp; path = queen.cc; sourceTree = "<group>"; };
		6ADB52592585C4A600749CA6 /* board.cc */ = {isa = PBXFileReference; fileEncoding = 4; lastKnownFileType = sourcecode.cpp.cpp; path = board.cc; sourceTree = "<group>"; };
		6ADB525A2585C4A600749CA6 /* move.h */ = {isa = PBXFileReference; fileEncoding = 4; lastKnownFileType = sourcecode.c.h; path = move.h; sourceTree = "<group>"; };
		6ADB525B2585C4A600749CA6 /* subject.h */ = {isa = PBXFileReference; fileEncoding = 4; lastKnownFileType = sourcecode.c.h; path = subject.h; sourceTree = "<group>"; };
		6ADB525C2585C4A600749CA6 /* info.h */ = {isa = PBXFileReference; fileEncoding = 4; lastKnownFileType = sourcecode.c.h; path = info.h; sourceTree = "<group>"; };
		6ADB525D2585C4A600749CA6 /* gameplayer.h */ = {isa = PBXFileReference; fileEncoding = 4; lastKnownFileType = sourcecode.c.h; path = gameplayer.h; sourceTree = "<group>"; };
		6ADB525E2585C4A600749CA6 /* cell.cc */ = {isa = PBXFileReference; fileEncoding = 4; lastKnownFileType = sourcecode.cpp.cpp; path = cell.cc; sourceTree = "<group>"; };
		6ADB525F2585C4A700749CA6 /* level4.cpp */ = {isa = PBXFileReference; fileEncoding = 4; lastKnownFileType = sourcecode.cpp.cpp; path = level4.cpp; sourceTree = "<group>"; };
		6ADB52602585C4A700749CA6 /* king.h */ = {isa = PBXFileReference; fileEncoding = 4; lastKnownFileType = sourcecode.c.h; path = king.h; sourceTree = "<group>"; };
		6ADB52612585C4A700749CA6 /* level4.h */ = {isa = PBXFileReference; fileEncoding = 4; lastKnownFileType = sourcecode.c.h; path = level4.h; sourceTree = "<group>"; };
		6ADB52622585C4A700749CA6 /* gameplayer.cpp */ = {isa = PBXFileReference; fileEncoding = 4; lastKnownFileType = sourcecode.cpp.cpp; path = gameplayer.cpp; sourceTree = "<group>"; };
		6ADB52632585C4A700749CA6 /* window.h */ = {isa = PBXFileReference; fileEncoding = 4; lastKnownFileType = sourcecode.c.h; path = window.h; sourceTree = "<group>"; };
		6ADB52642585C4A700749CA6 /* level2.cpp */ = {isa = PBXFileReference; fileEncoding = 4; lastKnownFileType = sourcecode.cpp.cpp; path = level2.cpp; sourceTree = "<group>"; };
		6ADB52652585C4A700749CA6 /* computer.cpp */ = {isa = PBXFileReference; fileEncoding = 4; lastKnownFileType = sourcecode.cpp.cpp; path = computer.cpp; sourceTree = "<group>"; };
/* End PBXFileReference section */

/* Begin PBXFrameworksBuildPhase section */
		6A155831243EC89F0090D285 /* Frameworks */ = {
			isa = PBXFrameworksBuildPhase;
			buildActionMask = 2147483647;
			files = (
			);
			runOnlyForDeploymentPostprocessing = 0;
		};
/* End PBXFrameworksBuildPhase section */

/* Begin PBXGroup section */
		6A15582B243EC89F0090D285 = {
			isa = PBXGroup;
			children = (
				6A52691324421B0C009DB73A /* chess */,
				6A155835243EC89F0090D285 /* Products */,
				6ADB52332585C3DD00749CA6 /* Recovered References */,
			);
			sourceTree = "<group>";
		};
		6A155835243EC89F0090D285 /* Products */ = {
			isa = PBXGroup;
			children = (
				6A155834243EC89F0090D285 /* chess */,
			);
			name = Products;
			sourceTree = "<group>";
		};
		6A52691324421B0C009DB73A /* chess */ = {
			isa = PBXGroup;
			children = (
				6ADB523B2585C4A400749CA6 /* bishop.cc */,
				6ADB52352585C4A400749CA6 /* bishop.h */,
				6ADB52592585C4A600749CA6 /* board.cc */,
				6ADB52412585C4A500749CA6 /* board.h */,
				6ADB525E2585C4A600749CA6 /* cell.cc */,
				6ADB52522585C4A600749CA6 /* cell.h */,
				6ADB523A2585C4A400749CA6 /* chessplayer.cpp */,
				6ADB524B2585C4A500749CA6 /* chessplayer.h */,
				6ADB52472585C4A500749CA6 /* colour.h */,
				6ADB52652585C4A700749CA6 /* computer.cpp */,
				6ADB524C2585C4A500749CA6 /* computer.h */,
				6ADB52462585C4A500749CA6 /* errormessage.cc */,
				6ADB52562585C4A600749CA6 /* errormessage.h */,
				6ADB52622585C4A700749CA6 /* gameplayer.cpp */,
				6ADB525D2585C4A600749CA6 /* gameplayer.h */,
				6ADB52382585C4A400749CA6 /* graphicsdisplay.cc */,
				6ADB524A2585C4A500749CA6 /* graphicsdisplay.h */,
				6ADB52442585C4A500749CA6 /* human.cpp */,
				6ADB523F2585C4A500749CA6 /* human.h */,
				6ADB525C2585C4A600749CA6 /* info.h */,
				6ADB52392585C4A400749CA6 /* king.cc */,
				6ADB52602585C4A700749CA6 /* king.h */,
				6ADB52432585C4A500749CA6 /* knight.cc */,
				6ADB523D2585C4A400749CA6 /* knight.h */,
				6ADB52372585C4A400749CA6 /* level1.cpp */,
				6ADB52422585C4A500749CA6 /* level1.h */,
				6ADB52642585C4A700749CA6 /* level2.cpp */,
				6ADB52342585C4A400749CA6 /* level2.h */,
				6ADB52492585C4A500749CA6 /* level3.cpp */,
				6ADB52502585C4A600749CA6 /* level3.h */,
				6ADB525F2585C4A700749CA6 /* level4.cpp */,
				6ADB52612585C4A700749CA6 /* level4.h */,
				6ADB523E2585C4A500749CA6 /* main.cpp */,
				6ADB52552585C4A600749CA6 /* move.cpp */,
				6ADB525A2585C4A600749CA6 /* move.h */,
				6ADB52512585C4A600749CA6 /* observer.h */,
				6ADB52452585C4A500749CA6 /* pawn.cc */,
				6ADB52482585C4A500749CA6 /* pawn.h */,
				6ADB52542585C4A600749CA6 /* piece.cc */,
				6ADB524D2585C4A600749CA6 /* piece.h */,
				6ADB523C2585C4A400749CA6 /* position.h */,
				6ADB52582585C4A600749CA6 /* queen.cc */,
				6ADB524E2585C4A600749CA6 /* queen.h */,
				6ADB52362585C4A400749CA6 /* rook.cc */,
				6ADB52532585C4A600749CA6 /* rook.h */,
				6ADB525B2585C4A600749CA6 /* subject.h */,
				6ADB52572585C4A600749CA6 /* textdisplay.cc */,
				6ADB524F2585C4A600749CA6 /* textdisplay.h */,
				6ADB52402585C4A500749CA6 /* window.cc */,
				6ADB52632585C4A700749CA6 /* window.h */,
			);
			path = chess;
			sourceTree = "<group>";
		};
		6ADB52332585C3DD00749CA6 /* Recovered References */ = {
			isa = PBXGroup;
			children = (
				6A39CFC12585C3A100B50B23 /* main.cpp */,
				6A39CFB92585C3A100B50B23 /* move.cpp */,
			);
			name = "Recovered References";
			sourceTree = "<group>";
		};
/* End PBXGroup section */

/* Begin PBXNativeTarget section */
		6A155833243EC89F0090D285 /* chess */ = {
			isa = PBXNativeTarget;
			buildConfigurationList = 6A15583B243EC89F0090D285 /* Build configuration list for PBXNativeTarget "chess" */;
			buildPhases = (
				6A155830243EC89F0090D285 /* Sources */,
				6A155831243EC89F0090D285 /* Frameworks */,
				6A155832243EC89F0090D285 /* CopyFiles */,
			);
			buildRules = (
			);
			dependencies = (
			);
			name = chess;
			productName = chess;
			productReference = 6A155834243EC89F0090D285 /* chess */;
			productType = "com.apple.product-type.tool";
		};
/* End PBXNativeTarget section */

/* Begin PBXProject section */
		6A15582C243EC89F0090D285 /* Project object */ = {
			isa = PBXProject;
			attributes = {
				LastUpgradeCheck = 1110;
				ORGANIZATIONNAME = CS246Team;
				TargetAttributes = {
					6A155833243EC89F0090D285 = {
						CreatedOnToolsVersion = 11.1;
					};
				};
			};
			buildConfigurationList = 6A15582F243EC89F0090D285 /* Build configuration list for PBXProject "chess" */;
			compatibilityVersion = "Xcode 11.0";
			developmentRegion = en;
			hasScannedForEncodings = 0;
			knownRegions = (
				en,
				Base,
			);
			mainGroup = 6A15582B243EC89F0090D285;
			productRefGroup = 6A155835243EC89F0090D285 /* Products */;
			projectDirPath = "";
			projectRoot = "";
			targets = (
				6A155833243EC89F0090D285 /* chess */,
			);
		};
/* End PBXProject section */

/* Begin PBXSourcesBuildPhase section */
		6A155830243EC89F0090D285 /* Sources */ = {
			isa = PBXSourcesBuildPhase;
			buildActionMask = 2147483647;
			files = (
				6ADB52782585C4A700749CA6 /* cell.cc in Sources */,
				6ADB52772585C4A700749CA6 /* board.cc in Sources */,
				6ADB52692585C4A700749CA6 /* king.cc in Sources */,
				6ADB526D2585C4A700749CA6 /* window.cc in Sources */,
				6ADB52742585C4A700749CA6 /* move.cpp in Sources */,
				6ADB52792585C4A700749CA6 /* level4.cpp in Sources */,
				6ADB52762585C4A700749CA6 /* queen.cc in Sources */,
				6ADB52732585C4A700749CA6 /* piece.cc in Sources */,
				6ADB52682585C4A700749CA6 /* graphicsdisplay.cc in Sources */,
				6ADB52752585C4A700749CA6 /* textdisplay.cc in Sources */,
				6ADB526C2585C4A700749CA6 /* main.cpp in Sources */,
				6ADB527C2585C4A700749CA6 /* computer.cpp in Sources */,
				6ADB526B2585C4A700749CA6 /* bishop.cc in Sources */,
				6ADB52722585C4A700749CA6 /* level3.cpp in Sources */,
				6ADB52672585C4A700749CA6 /* level1.cpp in Sources */,
				6ADB52662585C4A700749CA6 /* rook.cc in Sources */,
				6ADB526F2585C4A700749CA6 /* human.cpp in Sources */,
				6ADB526A2585C4A700749CA6 /* chessplayer.cpp in Sources */,
				6ADB52702585C4A700749CA6 /* pawn.cc in Sources */,
				6ADB52712585C4A700749CA6 /* errormessage.cc in Sources */,
				6ADB527A2585C4A700749CA6 /* gameplayer.cpp in Sources */,
				6ADB527B2585C4A700749CA6 /* level2.cpp in Sources */,
				6ADB526E2585C4A700749CA6 /* knight.cc in Sources */,
			);
			runOnlyForDeploymentPostprocessing = 0;
		};
/* End PBXSourcesBuildPhase section */

/* Begin XCBuildConfiguration section */
		6A155839243EC89F0090D285 /* Debug */ = {
			isa = XCBuildConfiguration;
			buildSettings = {
				ALWAYS_SEARCH_USER_PATHS = NO;
				CLANG_ANALYZER_NONNULL = YES;
				CLANG_ANALYZER_NUMBER_OBJECT_CONVERSION = YES_AGGRESSIVE;
				CLANG_CXX_LANGUAGE_STANDARD = "gnu++14";
				CLANG_CXX_LIBRARY = "libc++";
				CLANG_ENABLE_MODULES = YES;
				CLANG_ENABLE_OBJC_ARC = YES;
				CLANG_ENABLE_OBJC_WEAK = YES;
				CLANG_WARN_BLOCK_CAPTURE_AUTORELEASING = YES;
				CLANG_WARN_BOOL_CONVERSION = YES;
				CLANG_WARN_COMMA = YES;
				CLANG_WARN_CONSTANT_CONVERSION = YES;
				CLANG_WARN_DEPRECATED_OBJC_IMPLEMENTATIONS = YES;
				CLANG_WARN_DIRECT_OBJC_ISA_USAGE = YES_ERROR;
				CLANG_WARN_DOCUMENTATION_COMMENTS = YES;
				CLANG_WARN_EMPTY_BODY = YES;
				CLANG_WARN_ENUM_CONVERSION = YES;
				CLANG_WARN_INFINITE_RECURSION = YES;
				CLANG_WARN_INT_CONVERSION = YES;
				CLANG_WARN_NON_LITERAL_NULL_CONVERSION = YES;
				CLANG_WARN_OBJC_IMPLICIT_RETAIN_SELF = YES;
				CLANG_WARN_OBJC_LITERAL_CONVERSION = YES;
				CLANG_WARN_OBJC_ROOT_CLASS = YES_ERROR;
				CLANG_WARN_RANGE_LOOP_ANALYSIS = YES;
				CLANG_WARN_STRICT_PROTOTYPES = YES;
				CLANG_WARN_SUSPICIOUS_MOVE = YES;
				CLANG_WARN_UNGUARDED_AVAILABILITY = YES_AGGRESSIVE;
				CLANG_WARN_UNREACHABLE_CODE = YES;
				CLANG_WARN__DUPLICATE_METHOD_MATCH = YES;
				COPY_PHASE_STRIP = NO;
				DEBUG_INFORMATION_FORMAT = dwarf;
				ENABLE_STRICT_OBJC_MSGSEND = YES;
				ENABLE_TESTABILITY = YES;
				GCC_C_LANGUAGE_STANDARD = gnu11;
				GCC_DYNAMIC_NO_PIC = NO;
				GCC_NO_COMMON_BLOCKS = YES;
				GCC_OPTIMIZATION_LEVEL = 0;
				GCC_PREPROCESSOR_DEFINITIONS = (
					"DEBUG=1",
					"$(inherited)",
				);
				GCC_WARN_64_TO_32_BIT_CONVERSION = YES;
				GCC_WARN_ABOUT_RETURN_TYPE = YES_ERROR;
				GCC_WARN_UNDECLARED_SELECTOR = YES;
				GCC_WARN_UNINITIALIZED_AUTOS = YES_AGGRESSIVE;
				GCC_WARN_UNUSED_FUNCTION = YES;
				GCC_WARN_UNUSED_VARIABLE = YES;
				MACOSX_DEPLOYMENT_TARGET = 10.15;
				MTL_ENABLE_DEBUG_INFO = INCLUDE_SOURCE;
				MTL_FAST_MATH = YES;
				ONLY_ACTIVE_ARCH = YES;
				SDKROOT = macosx;
			};
			name = Debug;
		};
		6A15583A243EC89F0090D285 /* Release */ = {
			isa = XCBuildConfiguration;
			buildSettings = {
				ALWAYS_SEARCH_USER_PATHS = NO;
				CLANG_ANALYZER_NONNULL = YES;
				CLANG_ANALYZER_NUMBER_OBJECT_CONVERSION = YES_AGGRESSIVE;
				CLANG_CXX_LANGUAGE_STANDARD = "gnu++14";
				CLANG_CXX_LIBRARY = "libc++";
				CLANG_ENABLE_MODULES = YES;
				CLANG_ENABLE_OBJC_ARC = YES;
				CLANG_ENABLE_OBJC_WEAK = YES;
				CLANG_WARN_BLOCK_CAPTURE_AUTORELEASING = YES;
				CLANG_WARN_BOOL_CONVERSION = YES;
				CLANG_WARN_COMMA = YES;
				CLANG_WARN_CONSTANT_CONVERSION = YES;
				CLANG_WARN_DEPRECATED_OBJC_IMPLEMENTATIONS = YES;
				CLANG_WARN_DIRECT_OBJC_ISA_USAGE = YES_ERROR;
				CLANG_WARN_DOCUMENTATION_COMMENTS = YES;
				CLANG_WARN_EMPTY_BODY = YES;
				CLANG_WARN_ENUM_CONVERSION = YES;
				CLANG_WARN_INFINITE_RECURSION = YES;
				CLANG_WARN_INT_CONVERSION = YES;
				CLANG_WARN_NON_LITERAL_NULL_CONVERSION = YES;
				CLANG_WARN_OBJC_IMPLICIT_RETAIN_SELF = YES;
				CLANG_WARN_OBJC_LITERAL_CONVERSION = YES;
				CLANG_WARN_OBJC_ROOT_CLASS = YES_ERROR;
				CLANG_WARN_RANGE_LOOP_ANALYSIS = YES;
				CLANG_WARN_STRICT_PROTOTYPES = YES;
				CLANG_WARN_SUSPICIOUS_MOVE = YES;
				CLANG_WARN_UNGUARDED_AVAILABILITY = YES_AGGRESSIVE;
				CLANG_WARN_UNREACHABLE_CODE = YES;
				CLANG_WARN__DUPLICATE_METHOD_MATCH = YES;
				COPY_PHASE_STRIP = NO;
				DEBUG_INFORMATION_FORMAT = "dwarf-with-dsym";
				ENABLE_NS_ASSERTIONS = NO;
				ENABLE_STRICT_OBJC_MSGSEND = YES;
				GCC_C_LANGUAGE_STANDARD = gnu11;
				GCC_NO_COMMON_BLOCKS = YES;
				GCC_WARN_64_TO_32_BIT_CONVERSION = YES;
				GCC_WARN_ABOUT_RETURN_TYPE = YES_ERROR;
				GCC_WARN_UNDECLARED_SELECTOR = YES;
				GCC_WARN_UNINITIALIZED_AUTOS = YES_AGGRESSIVE;
				GCC_WARN_UNUSED_FUNCTION = YES;
				GCC_WARN_UNUSED_VARIABLE = YES;
				MACOSX_DEPLOYMENT_TARGET = 10.15;
				MTL_ENABLE_DEBUG_INFO = NO;
				MTL_FAST_MATH = YES;
				SDKROOT = macosx;
				"SYSTEM_HEADER_SEARCH_PATHS[arch=*]" = "";
			};
			name = Release;
		};
		6A15583C243EC89F0090D285 /* Debug */ = {
			isa = XCBuildConfiguration;
			buildSettings = {
				CODE_SIGN_STYLE = Automatic;
				GCC_NO_COMMON_BLOCKS = NO;
				"HEADER_SEARCH_PATHS[arch=*]" = (
					"$(PROJECT_DIR)/build/include",
					/usr/X11/include,
					/usr/X11/lib,
				);
				OTHER_LDFLAGS = (
					"-lX11",
					"-L/usr/X11/lib",
					"-I/usr/X11/include",
				);
				PRODUCT_NAME = "$(TARGET_NAME)";
				"SYSTEM_HEADER_SEARCH_PATHS[arch=*]" = (
					/usr/X11/lib,
					/usr/X11/include,
					"/Applications/Xcode.app/Contents/Developer/Toolchains/XcodeDefault.xctoolchain/usr/include/c++/v1/",
				);
			};
			name = Debug;
		};
		6A15583D243EC89F0090D285 /* Release */ = {
			isa = XCBuildConfiguration;
			buildSettings = {
				CODE_SIGN_STYLE = Automatic;
				GCC_NO_COMMON_BLOCKS = NO;
				"HEADER_SEARCH_PATHS[arch=*]" = (
					"$(PROJECT_DIR)/build/include",
					/usr/X11/lib,
					/usr/X11/include,
				);
				OTHER_LDFLAGS = (
					"-lX11",
					"-L/usr/X11/lib",
					"-I/usr/X11/include",
				);
				PRODUCT_NAME = "$(TARGET_NAME)";
				"SYSTEM_HEADER_SEARCH_PATHS[arch=*]" = (
					"/Applications/Xcode.app/Contents/Developer/Toolchains/XcodeDefault.xctoolchain/usr/include/c++/v1/",
					/usr/X11/lib,
					/usr/X11/include,
				);
			};
			name = Release;
		};
/* End XCBuildConfiguration section */

/* Begin XCConfigurationList section */
		6A15582F243EC89F0090D285 /* Build configuration list for PBXProject "chess" */ = {
			isa = XCConfigurationList;
			buildConfigurations = (
				6A155839243EC89F0090D285 /* Debug */,
				6A15583A243EC89F0090D285 /* Release */,
			);
			defaultConfigurationIsVisible = 0;
			defaultConfigurationName = Release;
		};
		6A15583B243EC89F0090D285 /* Build configuration list for PBXNativeTarget "chess" */ = {
			isa = XCConfigurationList;
			buildConfigurations = (
				6A15583C243EC89F0090D285 /* Debug */,
				6A15583D243EC89F0090D285 /* Release */,
			);
			defaultConfigurationIsVisible = 0;
			defaultConfigurationName = Release;
		};
/* End XCConfigurationList section */
	};
	rootObject = 6A15582C243EC89F0090D285 /* Project object */;
}
